// !$*UTF8*$!
{
	archiveVersion = 1;
	classes = {
	};
	objectVersion = 46;
	objects = {

/* Begin PBXBuildFile section */
		481612762F9B900D00067C15 /* NSString+EncodingHelper.m in Sources */ = {isa = PBXBuildFile; fileRef = 481612752F9B900D00067C15 /* NSString+EncodingHelper.m */; };
		4816127C2F9BA82300067C15 /* UIViewController+ScrollToTop.m in Sources */ = {isa = PBXBuildFile; fileRef = 4816127B2F9BA82300067C15 /* UIViewController+ScrollToTop.m */; };
		482FAB212F9A857900B4F9D8 /* UIImage+DynamicIcon.m in Sources */ = {isa = PBXBuildFile; fileRef = 482FAB202F9A857900B4F9D8 /* UIImage+DynamicIcon.m */; };
		482FAB242F9A891A00B4F9D8 /* PlayerControlView.m in Sources */ = {isa = PBXBuildFile; fileRef = 482FAB232F9A891A00B4F9D8 /* PlayerControlView.m */; };
		48317BA02F9A78E9002489FE /* AppDelegate.m in Sources */ = {isa = PBXBuildFile; fileRef = 48317B752F9A78E9002489FE /* AppDelegate.m */; };
		48317BA12F9A78E9002489FE /* main.m in Sources */ = {isa = PBXBuildFile; fileRef = 48317B762F9A78E9002489FE /* main.m */; };
		48317BA22F9A78E9002489FE /* M3UParser.m in Sources */ = {isa = PBXBuildFile; fileRef = 48317B792F9A78E9002489FE /* M3UParser.m */; };
		48317BA32F9A78E9002489FE /* ChannelListViewController.m in Sources */ = {isa = PBXBuildFile; fileRef = 48317B7D2F9A78E9002489FE /* ChannelListViewController.m */; };
		48317BA42F9A78E9002489FE /* GroupListViewController.m in Sources */ = {isa = PBXBuildFile; fileRef = 48317B7F2F9A78E9002489FE /* GroupListViewController.m */; };
		48317BA52F9A78E9002489FE /* PlayerViewController.m in Sources */ = {isa = PBXBuildFile; fileRef = 48317B822F9A78E9002489FE /* PlayerViewController.m */; };
		48317BA62F9A78E9002489FE /* AboutViewController.m in Sources */ = {isa = PBXBuildFile; fileRef = 48317B852F9A78E9002489FE /* AboutViewController.m */; };
		48317BA72F9A78E9002489FE /* SettingsViewController.m in Sources */ = {isa = PBXBuildFile; fileRef = 48317B872F9A78E9002489FE /* SettingsViewController.m */; };
		48317BA82F9A78E9002489FE /* SourceManagerViewController.m in Sources */ = {isa = PBXBuildFile; fileRef = 48317B892F9A78E9002489FE /* SourceManagerViewController.m */; };
		48317BA92F9A78E9002489FE /* TextImportModalViewController.m in Sources */ = {isa = PBXBuildFile; fileRef = 48317B8B2F9A78E9002489FE /* TextImportModalViewController.m */; };
		48317BAA2F9A78E9002489FE /* Channel.m in Sources */ = {isa = PBXBuildFile; fileRef = 48317B8E2F9A78E9002489FE /* Channel.m */; };
		48317BAB2F9A78E9002489FE /* AppDataManager.m in Sources */ = {isa = PBXBuildFile; fileRef = 48317B912F9A78E9002489FE /* AppDataManager.m */; };
		48317BAC2F9A78E9002489FE /* PlayerConfigManager.m in Sources */ = {isa = PBXBuildFile; fileRef = 48317B932F9A78E9002489FE /* PlayerConfigManager.m */; };
		48317BAD2F9A78E9002489FE /* SSLBypassHelper.m in Sources */ = {isa = PBXBuildFile; fileRef = 48317B952F9A78E9002489FE /* SSLBypassHelper.m */; };
		48317BAE2F9A78E9002489FE /* ToastHelper.m in Sources */ = {isa = PBXBuildFile; fileRef = 48317B972F9A78E9002489FE /* ToastHelper.m */; };
		48317BAF2F9A78E9002489FE /* UIImage+LogoHelper.m in Sources */ = {isa = PBXBuildFile; fileRef = 48317B992F9A78E9002489FE /* UIImage+LogoHelper.m */; };
		48317BB02F9A78E9002489FE /* InfoPlist.strings in Resources */ = {isa = PBXBuildFile; fileRef = 48317B9B2F9A78E9002489FE /* InfoPlist.strings */; };
		48317BB22F9A78E9002489FE /* Images.xcassets in Resources */ = {isa = PBXBuildFile; fileRef = 48317B9F2F9A78E9002489FE /* Images.xcassets */; };
		48D63F292F97DE1F002AD06E /* Foundation.framework in Frameworks */ = {isa = PBXBuildFile; fileRef = 48D63F282F97DE1F002AD06E /* Foundation.framework */; };
		48D63F2B2F97DE1F002AD06E /* CoreGraphics.framework in Frameworks */ = {isa = PBXBuildFile; fileRef = 48D63F2A2F97DE1F002AD06E /* CoreGraphics.framework */; };
		48D63F2D2F97DE1F002AD06E /* UIKit.framework in Frameworks */ = {isa = PBXBuildFile; fileRef = 48D63F2C2F97DE1F002AD06E /* UIKit.framework */; };
		48D63F422F97DE1F002AD06E /* XCTest.framework in Frameworks */ = {isa = PBXBuildFile; fileRef = 48D63F412F97DE1F002AD06E /* XCTest.framework */; };
		48D63F432F97DE1F002AD06E /* Foundation.framework in Frameworks */ = {isa = PBXBuildFile; fileRef = 48D63F282F97DE1F002AD06E /* Foundation.framework */; };
		48D63F442F97DE1F002AD06E /* UIKit.framework in Frameworks */ = {isa = PBXBuildFile; fileRef = 48D63F2C2F97DE1F002AD06E /* UIKit.framework */; };
		48D63F4C2F97DE1F002AD06E /* InfoPlist.strings in Resources */ = {isa = PBXBuildFile; fileRef = 48D63F4A2F97DE1F002AD06E /* InfoPlist.strings */; };
		48D63F4E2F97DE1F002AD06E /* iClassicTVTests.m in Sources */ = {isa = PBXBuildFile; fileRef = 48D63F4D2F97DE1F002AD06E /* iClassicTVTests.m */; };
/* End PBXBuildFile section */

/* Begin PBXContainerItemProxy section */
		48D63F452F97DE1F002AD06E /* PBXContainerItemProxy */ = {
			isa = PBXContainerItemProxy;
			containerPortal = 48D63F1D2F97DE1F002AD06E /* Project object */;
			proxyType = 1;
			remoteGlobalIDString = 48D63F242F97DE1F002AD06E;
			remoteInfo = iClassicTV;
		};
/* End PBXContainerItemProxy section */

/* Begin PBXFileReference section */
		481612742F9B8FFA00067C15 /* NSString+EncodingHelper.h */ = {isa = PBXFileReference; fileEncoding = 4; lastKnownFileType = sourcecode.c.h; path = "NSString+EncodingHelper.h"; sourceTree = "<group>"; };
		481612752F9B900D00067C15 /* NSString+EncodingHelper.m */ = {isa = PBXFileReference; fileEncoding = 4; lastKnownFileType = sourcecode.c.objc; path = "NSString+EncodingHelper.m"; sourceTree = "<group>"; };
		4816127A2F9BA81800067C15 /* UIViewController+ScrollToTop.h */ = {isa = PBXFileReference; fileEncoding = 4; lastKnownFileType = sourcecode.c.h; path = "UIViewController+ScrollToTop.h"; sourceTree = "<group>"; };
		4816127B2F9BA82300067C15 /* UIViewController+ScrollToTop.m */ = {isa = PBXFileReference; fileEncoding = 4; lastKnownFileType = sourcecode.c.objc; path = "UIViewController+ScrollToTop.m"; sourceTree = "<group>"; };
		482FAB1F2F9A856A00B4F9D8 /* UIImage+DynamicIcon.h */ = {isa = PBXFileReference; fileEncoding = 4; lastKnownFileType = sourcecode.c.h; path = "UIImage+DynamicIcon.h"; sourceTree = "<group>"; };
		482FAB202F9A857900B4F9D8 /* UIImage+DynamicIcon.m */ = {isa = PBXFileReference; fileEncoding = 4; lastKnownFileType = sourcecode.c.objc; path = "UIImage+DynamicIcon.m"; sourceTree = "<group>"; };
		482FAB222F9A890E00B4F9D8 /* PlayerControlView.h */ = {isa = PBXFileReference; fileEncoding = 4; lastKnownFileType = sourcecode.c.h; path = PlayerControlView.h; sourceTree = "<group>"; };
		482FAB232F9A891A00B4F9D8 /* PlayerControlView.m */ = {isa = PBXFileReference; fileEncoding = 4; lastKnownFileType = sourcecode.c.objc; path = PlayerControlView.m; sourceTree = "<group>"; };
		48317B742F9A78E9002489FE /* AppDelegate.h */ = {isa = PBXFileReference; fileEncoding = 4; lastKnownFileType = sourcecode.c.h; path = AppDelegate.h; sourceTree = "<group>"; };
		48317B752F9A78E9002489FE /* AppDelegate.m */ = {isa = PBXFileReference; fileEncoding = 4; lastKnownFileType = sourcecode.c.objc; path = AppDelegate.m; sourceTree = "<group>"; };
		48317B762F9A78E9002489FE /* main.m */ = {isa = PBXFileReference; fileEncoding = 4; lastKnownFileType = sourcecode.c.objc; path = main.m; sourceTree = "<group>"; };
		48317B782F9A78E9002489FE /* M3UParser.h */ = {isa = PBXFileReference; fileEncoding = 4; lastKnownFileType = sourcecode.c.h; path = M3UParser.h; sourceTree = "<group>"; };
		48317B792F9A78E9002489FE /* M3UParser.m */ = {isa = PBXFileReference; fileEncoding = 4; lastKnownFileType = sourcecode.c.objc; path = M3UParser.m; sourceTree = "<group>"; };
		48317B7C2F9A78E9002489FE /* ChannelListViewController.h */ = {isa = PBXFileReference; fileEncoding = 4; lastKnownFileType = sourcecode.c.h; path = ChannelListViewController.h; sourceTree = "<group>"; };
		48317B7D2F9A78E9002489FE /* ChannelListViewController.m */ = {isa = PBXFileReference; fileEncoding = 4; lastKnownFileType = sourcecode.c.objc; path = ChannelListViewController.m; sourceTree = "<group>"; };
		48317B7E2F9A78E9002489FE /* GroupListViewController.h */ = {isa = PBXFileReference; fileEncoding = 4; lastKnownFileType = sourcecode.c.h; path = GroupListViewController.h; sourceTree = "<group>"; };
		48317B7F2F9A78E9002489FE /* GroupListViewController.m */ = {isa = PBXFileReference; fileEncoding = 4; lastKnownFileType = sourcecode.c.objc; path = GroupListViewController.m; sourceTree = "<group>"; };
		48317B812F9A78E9002489FE /* PlayerViewController.h */ = {isa = PBXFileReference; fileEncoding = 4; lastKnownFileType = sourcecode.c.h; path = PlayerViewController.h; sourceTree = "<group>"; };
		48317B822F9A78E9002489FE /* PlayerViewController.m */ = {isa = PBXFileReference; fileEncoding = 4; lastKnownFileType = sourcecode.c.objc; path = PlayerViewController.m; sourceTree = "<group>"; };
		48317B842F9A78E9002489FE /* AboutViewController.h */ = {isa = PBXFileReference; fileEncoding = 4; lastKnownFileType = sourcecode.c.h; path = AboutViewController.h; sourceTree = "<group>"; };
		48317B852F9A78E9002489FE /* AboutViewController.m */ = {isa = PBXFileReference; fileEncoding = 4; lastKnownFileType = sourcecode.c.objc; path = AboutViewController.m; sourceTree = "<group>"; };
		48317B862F9A78E9002489FE /* SettingsViewController.h */ = {isa = PBXFileReference; fileEncoding = 4; lastKnownFileType = sourcecode.c.h; path = SettingsViewController.h; sourceTree = "<group>"; };
		48317B872F9A78E9002489FE /* SettingsViewController.m */ = {isa = PBXFileReference; fileEncoding = 4; lastKnownFileType = sourcecode.c.objc; path = SettingsViewController.m; sourceTree = "<group>"; };
		48317B882F9A78E9002489FE /* SourceManagerViewController.h */ = {isa = PBXFileReference; fileEncoding = 4; lastKnownFileType = sourcecode.c.h; path = SourceManagerViewController.h; sourceTree = "<group>"; };
		48317B892F9A78E9002489FE /* SourceManagerViewController.m */ = {isa = PBXFileReference; fileEncoding = 4; lastKnownFileType = sourcecode.c.objc; path = SourceManagerViewController.m; sourceTree = "<group>"; };
		48317B8A2F9A78E9002489FE /* TextImportModalViewController.h */ = {isa = PBXFileReference; fileEncoding = 4; lastKnownFileType = sourcecode.c.h; path = TextImportModalViewController.h; sourceTree = "<group>"; };
		48317B8B2F9A78E9002489FE /* TextImportModalViewController.m */ = {isa = PBXFileReference; fileEncoding = 4; lastKnownFileType = sourcecode.c.objc; path = TextImportModalViewController.m; sourceTree = "<group>"; };
		48317B8D2F9A78E9002489FE /* Channel.h */ = {isa = PBXFileReference; fileEncoding = 4; lastKnownFileType = sourcecode.c.h; path = Channel.h; sourceTree = "<group>"; };
		48317B8E2F9A78E9002489FE /* Channel.m */ = {isa = PBXFileReference; fileEncoding = 4; lastKnownFileType = sourcecode.c.objc; path = Channel.m; sourceTree = "<group>"; };
		48317B902F9A78E9002489FE /* AppDataManager.h */ = {isa = PBXFileReference; fileEncoding = 4; lastKnownFileType = sourcecode.c.h; path = AppDataManager.h; sourceTree = "<group>"; };
		48317B912F9A78E9002489FE /* AppDataManager.m */ = {isa = PBXFileReference; fileEncoding = 4; lastKnownFileType = sourcecode.c.objc; path = AppDataManager.m; sourceTree = "<group>"; };
		48317B922F9A78E9002489FE /* PlayerConfigManager.h */ = {isa = PBXFileReference; fileEncoding = 4; lastKnownFileType = sourcecode.c.h; path = PlayerConfigManager.h; sourceTree = "<group>"; };
		48317B932F9A78E9002489FE /* PlayerConfigManager.m */ = {isa = PBXFileReference; fileEncoding = 4; lastKnownFileType = sourcecode.c.objc; path = PlayerConfigManager.m; sourceTree = "<group>"; };
		48317B942F9A78E9002489FE /* SSLBypassHelper.h */ = {isa = PBXFileReference; fileEncoding = 4; lastKnownFileType = sourcecode.c.h; path = SSLBypassHelper.h; sourceTree = "<group>"; };
		48317B952F9A78E9002489FE /* SSLBypassHelper.m */ = {isa = PBXFileReference; fileEncoding = 4; lastKnownFileType = sourcecode.c.objc; path = SSLBypassHelper.m; sourceTree = "<group>"; };
		48317B962F9A78E9002489FE /* ToastHelper.h */ = {isa = PBXFileReference; fileEncoding = 4; lastKnownFileType = sourcecode.c.h; path = ToastHelper.h; sourceTree = "<group>"; };
		48317B972F9A78E9002489FE /* ToastHelper.m */ = {isa = PBXFileReference; fileEncoding = 4; lastKnownFileType = sourcecode.c.objc; path = ToastHelper.m; sourceTree = "<group>"; };
		48317B982F9A78E9002489FE /* UIImage+LogoHelper.h */ = {isa = PBXFileReference; fileEncoding = 4; lastKnownFileType = sourcecode.c.h; path = "UIImage+LogoHelper.h"; sourceTree = "<group>"; };
		48317B992F9A78E9002489FE /* UIImage+LogoHelper.m */ = {isa = PBXFileReference; fileEncoding = 4; lastKnownFileType = sourcecode.c.objc; path = "UIImage+LogoHelper.m"; sourceTree = "<group>"; };
		48317B9C2F9A78E9002489FE /* en */ = {isa = PBXFileReference; lastKnownFileType = text.plist.strings; name = en; path = en.lproj/InfoPlist.strings; sourceTree = "<group>"; };
		48317B9D2F9A78E9002489FE /* iClassicTV-Info.plist */ = {isa = PBXFileReference; fileEncoding = 4; lastKnownFileType = text.plist.xml; path = "iClassicTV-Info.plist"; sourceTree = "<group>"; };
		48317B9E2F9A78E9002489FE /* iClassicTV-Prefix.pch */ = {isa = PBXFileReference; fileEncoding = 4; lastKnownFileType = sourcecode.c.h; path = "iClassicTV-Prefix.pch"; sourceTree = "<group>"; };
		48317B9F2F9A78E9002489FE /* Images.xcassets */ = {isa = PBXFileReference; lastKnownFileType = folder.assetcatalog; path = Images.xcassets; sourceTree = "<group>"; };
		48D63F252F97DE1F002AD06E /* iClassicTV.app */ = {isa = PBXFileReference; explicitFileType = wrapper.application; includeInIndex = 0; path = iClassicTV.app; sourceTree = BUILT_PRODUCTS_DIR; };
		48D63F282F97DE1F002AD06E /* Foundation.framework */ = {isa = PBXFileReference; lastKnownFileType = wrapper.framework; name = Foundation.framework; path = System/Library/Frameworks/Foundation.framework; sourceTree = SDKROOT; };
		48D63F2A2F97DE1F002AD06E /* CoreGraphics.framework */ = {isa = PBXFileReference; lastKnownFileType = wrapper.framework; name = CoreGraphics.framework; path = System/Library/Frameworks/CoreGraphics.framework; sourceTree = SDKROOT; };
		48D63F2C2F97DE1F002AD06E /* UIKit.framework */ = {isa = PBXFileReference; lastKnownFileType = wrapper.framework; name = UIKit.framework; path = System/Library/Frameworks/UIKit.framework; sourceTree = SDKROOT; };
		48D63F402F97DE1F002AD06E /* iClassicTVTests.xctest */ = {isa = PBXFileReference; explicitFileType = wrapper.cfbundle; includeInIndex = 0; path = iClassicTVTests.xctest; sourceTree = BUILT_PRODUCTS_DIR; };
		48D63F412F97DE1F002AD06E /* XCTest.framework */ = {isa = PBXFileReference; lastKnownFileType = wrapper.framework; name = XCTest.framework; path = Library/Frameworks/XCTest.framework; sourceTree = DEVELOPER_DIR; };
		48D63F492F97DE1F002AD06E /* iClassicTVTests-Info.plist */ = {isa = PBXFileReference; lastKnownFileType = text.plist.xml; path = "iClassicTVTests-Info.plist"; sourceTree = "<group>"; };
		48D63F4B2F97DE1F002AD06E /* en */ = {isa = PBXFileReference; lastKnownFileType = text.plist.strings; name = en; path = en.lproj/InfoPlist.strings; sourceTree = "<group>"; };
		48D63F4D2F97DE1F002AD06E /* iClassicTVTests.m */ = {isa = PBXFileReference; lastKnownFileType = sourcecode.c.objc; path = iClassicTVTests.m; sourceTree = "<group>"; };
/* End PBXFileReference section */

/* Begin PBXFrameworksBuildPhase section */
		48D63F222F97DE1F002AD06E /* Frameworks */ = {
			isa = PBXFrameworksBuildPhase;
			buildActionMask = 2147483647;
			files = (
				48D63F2B2F97DE1F002AD06E /* CoreGraphics.framework in Frameworks */,
				48D63F2D2F97DE1F002AD06E /* UIKit.framework in Frameworks */,
				48D63F292F97DE1F002AD06E /* Foundation.framework in Frameworks */,
			);
			runOnlyForDeploymentPostprocessing = 0;
		};
		48D63F3D2F97DE1F002AD06E /* Frameworks */ = {
			isa = PBXFrameworksBuildPhase;
			buildActionMask = 2147483647;
			files = (
				48D63F422F97DE1F002AD06E /* XCTest.framework in Frameworks */,
				48D63F442F97DE1F002AD06E /* UIKit.framework in Frameworks */,
				48D63F432F97DE1F002AD06E /* Foundation.framework in Frameworks */,
			);
			runOnlyForDeploymentPostprocessing = 0;
		};
/* End PBXFrameworksBuildPhase section */

/* Begin PBXGroup section */
		48317B722F9A78E9002489FE /* iClassicTV */ = {
			isa = PBXGroup;
			children = (
				48317B732F9A78E9002489FE /* App */,
				48317B772F9A78E9002489FE /* Core */,
				48317B7A2F9A78E9002489FE /* Features */,
				48317B8C2F9A78E9002489FE /* Models */,
				48317B8F2F9A78E9002489FE /* Modules */,
				48317B9A2F9A78E9002489FE /* Resources */,
			);
			path = iClassicTV;
			sourceTree = "<group>";
		};
		48317B732F9A78E9002489FE /* App */ = {
			isa = PBXGroup;
			children = (
				48317B742F9A78E9002489FE /* AppDelegate.h */,
				48317B752F9A78E9002489FE /* AppDelegate.m */,
				48317B762F9A78E9002489FE /* main.m */,
			);
			path = App;
			sourceTree = "<group>";
		};
		48317B772F9A78E9002489FE /* Core */ = {
			isa = PBXGroup;
			children = (
				48317B782F9A78E9002489FE /* M3UParser.h */,
				48317B792F9A78E9002489FE /* M3UParser.m */,
			);
			path = Core;
			sourceTree = "<group>";
		};
		48317B7A2F9A78E9002489FE /* Features */ = {
			isa = PBXGroup;
			children = (
				48317B7B2F9A78E9002489FE /* Live */,
				48317B802F9A78E9002489FE /* Player */,
				48317B832F9A78E9002489FE /* Settings */,
			);
			path = Features;
			sourceTree = "<group>";
		};
		48317B7B2F9A78E9002489FE /* Live */ = {
			isa = PBXGroup;
			children = (
				48317B7C2F9A78E9002489FE /* ChannelListViewController.h */,
				48317B7D2F9A78E9002489FE /* ChannelListViewController.m */,
				48317B7E2F9A78E9002489FE /* GroupListViewController.h */,
				48317B7F2F9A78E9002489FE /* GroupListViewController.m */,
			);
			path = Live;
			sourceTree = "<group>";
		};
		48317B802F9A78E9002489FE /* Player */ = {
			isa = PBXGroup;
			children = (
				48317B812F9A78E9002489FE /* PlayerViewController.h */,
				48317B822F9A78E9002489FE /* PlayerViewController.m */,
				482FAB222F9A890E00B4F9D8 /* PlayerControlView.h */,
				482FAB232F9A891A00B4F9D8 /* PlayerControlView.m */,
			);
			path = Player;
			sourceTree = "<group>";
		};
		48317B832F9A78E9002489FE /* Settings */ = {
			isa = PBXGroup;
			children = (
				48317B842F9A78E9002489FE /* AboutViewController.h */,
				48317B852F9A78E9002489FE /* AboutViewController.m */,
				48317B862F9A78E9002489FE /* SettingsViewController.h */,
				48317B872F9A78E9002489FE /* SettingsViewController.m */,
				48317B882F9A78E9002489FE /* SourceManagerViewController.h */,
				48317B892F9A78E9002489FE /* SourceManagerViewController.m */,
				48317B8A2F9A78E9002489FE /* TextImportModalViewController.h */,
				48317B8B2F9A78E9002489FE /* TextImportModalViewController.m */,
			);
			path = Settings;
			sourceTree = "<group>";
		};
		48317B8C2F9A78E9002489FE /* Models */ = {
			isa = PBXGroup;
			children = (
				48317B8D2F9A78E9002489FE /* Channel.h */,
				48317B8E2F9A78E9002489FE /* Channel.m */,
			);
			path = Models;
			sourceTree = "<group>";
		};
		48317B8F2F9A78E9002489FE /* Modules */ = {
			isa = PBXGroup;
			children = (
				48317B902F9A78E9002489FE /* AppDataManager.h */,
				48317B912F9A78E9002489FE /* AppDataManager.m */,
				48317B922F9A78E9002489FE /* PlayerConfigManager.h */,
				48317B932F9A78E9002489FE /* PlayerConfigManager.m */,
				48317B942F9A78E9002489FE /* SSLBypassHelper.h */,
				48317B952F9A78E9002489FE /* SSLBypassHelper.m */,
				48317B962F9A78E9002489FE /* ToastHelper.h */,
				48317B972F9A78E9002489FE /* ToastHelper.m */,
				48317B982F9A78E9002489FE /* UIImage+LogoHelper.h */,
				48317B992F9A78E9002489FE /* UIImage+LogoHelper.m */,
				482FAB1F2F9A856A00B4F9D8 /* UIImage+DynamicIcon.h */,
				482FAB202F9A857900B4F9D8 /* UIImage+DynamicIcon.m */,
				481612742F9B8FFA00067C15 /* NSString+EncodingHelper.h */,
				481612752F9B900D00067C15 /* NSString+EncodingHelper.m */,
				4816127A2F9BA81800067C15 /* UIViewController+ScrollToTop.h */,
				4816127B2F9BA82300067C15 /* UIViewController+ScrollToTop.m */,
			);
			path = Modules;
			sourceTree = "<group>";
		};
		48317B9A2F9A78E9002489FE /* Resources */ = {
			isa = PBXGroup;
			children = (
				48317B9B2F9A78E9002489FE /* InfoPlist.strings */,
				48317B9D2F9A78E9002489FE /* iClassicTV-Info.plist */,
				48317B9E2F9A78E9002489FE /* iClassicTV-Prefix.pch */,
				48317B9F2F9A78E9002489FE /* Images.xcassets */,
			);
			path = Resources;
			sourceTree = "<group>";
		};
		48D63F1C2F97DE1F002AD06E = {
			isa = PBXGroup;
			children = (
				48317B722F9A78E9002489FE /* iClassicTV */,
				48D63F472F97DE1F002AD06E /* iClassicTVTests */,
				48D63F272F97DE1F002AD06E /* Frameworks */,
				48D63F262F97DE1F002AD06E /* Products */,
			);
			sourceTree = "<group>";
		};
		48D63F262F97DE1F002AD06E /* Products */ = {
			isa = PBXGroup;
			children = (
				48D63F252F97DE1F002AD06E /* iClassicTV.app */,
				48D63F402F97DE1F002AD06E /* iClassicTVTests.xctest */,
			);
			name = Products;
			sourceTree = "<group>";
		};
		48D63F272F97DE1F002AD06E /* Frameworks */ = {
			isa = PBXGroup;
			children = (
				48D63F282F97DE1F002AD06E /* Foundation.framework */,
				48D63F2A2F97DE1F002AD06E /* CoreGraphics.framework */,
				48D63F2C2F97DE1F002AD06E /* UIKit.framework */,
				48D63F412F97DE1F002AD06E /* XCTest.framework */,
			);
			name = Frameworks;
			sourceTree = "<group>";
		};
		48D63F472F97DE1F002AD06E /* iClassicTVTests */ = {
			isa = PBXGroup;
			children = (
				48D63F4D2F97DE1F002AD06E /* iClassicTVTests.m */,
				48D63F482F97DE1F002AD06E /* Supporting Files */,
			);
			path = iClassicTVTests;
			sourceTree = "<group>";
		};
		48D63F482F97DE1F002AD06E /* Supporting Files */ = {
			isa = PBXGroup;
			children = (
				48D63F492F97DE1F002AD06E /* iClassicTVTests-Info.plist */,
				48D63F4A2F97DE1F002AD06E /* InfoPlist.strings */,
			);
			name = "Supporting Files";
			sourceTree = "<group>";
		};
/* End PBXGroup section */

/* Begin PBXNativeTarget section */
		48D63F242F97DE1F002AD06E /* iClassicTV */ = {
			isa = PBXNativeTarget;
			buildConfigurationList = 48D63F512F97DE1F002AD06E /* Build configuration list for PBXNativeTarget "iClassicTV" */;
			buildPhases = (
				48D63F212F97DE1F002AD06E /* Sources */,
				48D63F222F97DE1F002AD06E /* Frameworks */,
				48D63F232F97DE1F002AD06E /* Resources */,
			);
			buildRules = (
			);
			dependencies = (
			);
			name = iClassicTV;
			productName = iClassicTV;
			productReference = 48D63F252F97DE1F002AD06E /* iClassicTV.app */;
			productType = "com.apple.product-type.application";
		};
		48D63F3F2F97DE1F002AD06E /* iClassicTVTests */ = {
			isa = PBXNativeTarget;
			buildConfigurationList = 48D63F542F97DE1F002AD06E /* Build configuration list for PBXNativeTarget "iClassicTVTests" */;
			buildPhases = (
				48D63F3C2F97DE1F002AD06E /* Sources */,
				48D63F3D2F97DE1F002AD06E /* Frameworks */,
				48D63F3E2F97DE1F002AD06E /* Resources */,
			);
			buildRules = (
			);
			dependencies = (
				48D63F462F97DE1F002AD06E /* PBXTargetDependency */,
			);
			name = iClassicTVTests;
			productName = iClassicTVTests;
			productReference = 48D63F402F97DE1F002AD06E /* iClassicTVTests.xctest */;
			productType = "com.apple.product-type.bundle.unit-test";
		};
/* End PBXNativeTarget section */

/* Begin PBXProject section */
		48D63F1D2F97DE1F002AD06E /* Project object */ = {
			isa = PBXProject;
			attributes = {
				LastUpgradeCheck = 0510;
				ORGANIZATIONNAME = gujiangjiang;
				TargetAttributes = {
					48D63F3F2F97DE1F002AD06E = {
						TestTargetID = 48D63F242F97DE1F002AD06E;
					};
				};
			};
			buildConfigurationList = 48D63F202F97DE1F002AD06E /* Build configuration list for PBXProject "iClassicTV" */;
			compatibilityVersion = "Xcode 3.2";
			developmentRegion = English;
			hasScannedForEncodings = 0;
			knownRegions = (
				en,
			);
			mainGroup = 48D63F1C2F97DE1F002AD06E;
			productRefGroup = 48D63F262F97DE1F002AD06E /* Products */;
			projectDirPath = "";
			projectRoot = "";
			targets = (
				48D63F242F97DE1F002AD06E /* iClassicTV */,
				48D63F3F2F97DE1F002AD06E /* iClassicTVTests */,
			);
		};
/* End PBXProject section */

/* Begin PBXResourcesBuildPhase section */
		48D63F232F97DE1F002AD06E /* Resources */ = {
			isa = PBXResourcesBuildPhase;
			buildActionMask = 2147483647;
			files = (
				48317BB22F9A78E9002489FE /* Images.xcassets in Resources */,
				48317BB02F9A78E9002489FE /* InfoPlist.strings in Resources */,
			);
			runOnlyForDeploymentPostprocessing = 0;
		};
		48D63F3E2F97DE1F002AD06E /* Resources */ = {
			isa = PBXResourcesBuildPhase;
			buildActionMask = 2147483647;
			files = (
				48D63F4C2F97DE1F002AD06E /* InfoPlist.strings in Resources */,
			);
			runOnlyForDeploymentPostprocessing = 0;
		};
/* End PBXResourcesBuildPhase section */

/* Begin PBXSourcesBuildPhase section */
		48D63F212F97DE1F002AD06E /* Sources */ = {
			isa = PBXSourcesBuildPhase;
			buildActionMask = 2147483647;
			files = (
				48317BA42F9A78E9002489FE /* GroupListViewController.m in Sources */,
				48317BAB2F9A78E9002489FE /* AppDataManager.m in Sources */,
				48317BA12F9A78E9002489FE /* main.m in Sources */,
				481612762F9B900D00067C15 /* NSString+EncodingHelper.m in Sources */,
				48317BAA2F9A78E9002489FE /* Channel.m in Sources */,
				48317BA22F9A78E9002489FE /* M3UParser.m in Sources */,
				4816127C2F9BA82300067C15 /* UIViewController+ScrollToTop.m in Sources */,
				48317BA72F9A78E9002489FE /* SettingsViewController.m in Sources */,
				48317BAD2F9A78E9002489FE /* SSLBypassHelper.m in Sources */,
				48317BAE2F9A78E9002489FE /* ToastHelper.m in Sources */,
				48317BA62F9A78E9002489FE /* AboutViewController.m in Sources */,
				482FAB242F9A891A00B4F9D8 /* PlayerControlView.m in Sources */,
				48317BA32F9A78E9002489FE /* ChannelListViewController.m in Sources */,
				48317BA92F9A78E9002489FE /* TextImportModalViewController.m in Sources */,
				482FAB212F9A857900B4F9D8 /* UIImage+DynamicIcon.m in Sources */,
				48317BA82F9A78E9002489FE /* SourceManagerViewController.m in Sources */,
				48317BAF2F9A78E9002489FE /* UIImage+LogoHelper.m in Sources */,
				48317BAC2F9A78E9002489FE /* PlayerConfigManager.m in Sources */,
				48317BA02F9A78E9002489FE /* AppDelegate.m in Sources */,
				48317BA52F9A78E9002489FE /* PlayerViewController.m in Sources */,
			);
			runOnlyForDeploymentPostprocessing = 0;
		};
		48D63F3C2F97DE1F002AD06E /* Sources */ = {
			isa = PBXSourcesBuildPhase;
			buildActionMask = 2147483647;
			files = (
				48D63F4E2F97DE1F002AD06E /* iClassicTVTests.m in Sources */,
			);
			runOnlyForDeploymentPostprocessing = 0;
		};
/* End PBXSourcesBuildPhase section */

/* Begin PBXTargetDependency section */
		48D63F462F97DE1F002AD06E /* PBXTargetDependency */ = {
			isa = PBXTargetDependency;
			target = 48D63F242F97DE1F002AD06E /* iClassicTV */;
			targetProxy = 48D63F452F97DE1F002AD06E /* PBXContainerItemProxy */;
		};
/* End PBXTargetDependency section */

/* Begin PBXVariantGroup section */
		48317B9B2F9A78E9002489FE /* InfoPlist.strings */ = {
			isa = PBXVariantGroup;
			children = (
				48317B9C2F9A78E9002489FE /* en */,
			);
			name = InfoPlist.strings;
			sourceTree = "<group>";
		};
		48D63F4A2F97DE1F002AD06E /* InfoPlist.strings */ = {
			isa = PBXVariantGroup;
			children = (
				48D63F4B2F97DE1F002AD06E /* en */,
			);
			name = InfoPlist.strings;
			sourceTree = "<group>";
		};
/* End PBXVariantGroup section */

/* Begin XCBuildConfiguration section */
		48D63F4F2F97DE1F002AD06E /* Debug */ = {
			isa = XCBuildConfiguration;
			buildSettings = {
				ALWAYS_SEARCH_USER_PATHS = NO;
				CLANG_CXX_LANGUAGE_STANDARD = "gnu++0x";
				CLANG_CXX_LIBRARY = "libc++";
				CLANG_ENABLE_MODULES = YES;
				CLANG_ENABLE_OBJC_ARC = YES;
				CLANG_WARN_BOOL_CONVERSION = YES;
				CLANG_WARN_CONSTANT_CONVERSION = YES;
				CLANG_WARN_DIRECT_OBJC_ISA_USAGE = YES_ERROR;
				CLANG_WARN_EMPTY_BODY = YES;
				CLANG_WARN_ENUM_CONVERSION = YES;
				CLANG_WARN_INT_CONVERSION = YES;
				CLANG_WARN_OBJC_ROOT_CLASS = YES_ERROR;
				CLANG_WARN__DUPLICATE_METHOD_MATCH = YES;
				"CODE_SIGN_IDENTITY[sdk=iphoneos*]" = "iPhone Developer";
				COPY_PHASE_STRIP = NO;
				GCC_C_LANGUAGE_STANDARD = gnu99;
				GCC_DYNAMIC_NO_PIC = NO;
				GCC_OPTIMIZATION_LEVEL = 0;
				GCC_PREPROCESSOR_DEFINITIONS = (
					"DEBUG=1",
					"$(inherited)",
				);
				GCC_SYMBOLS_PRIVATE_EXTERN = NO;
				GCC_WARN_64_TO_32_BIT_CONVERSION = YES;
				GCC_WARN_ABOUT_RETURN_TYPE = YES_ERROR;
				GCC_WARN_UNDECLARED_SELECTOR = YES;
				GCC_WARN_UNINITIALIZED_AUTOS = YES_AGGRESSIVE;
				GCC_WARN_UNUSED_FUNCTION = YES;
				GCC_WARN_UNUSED_VARIABLE = YES;
				IPHONEOS_DEPLOYMENT_TARGET = 7.1;
				ONLY_ACTIVE_ARCH = YES;
				SDKROOT = iphoneos;
				TARGETED_DEVICE_FAMILY = "1,2";
			};
			name = Debug;
		};
		48D63F502F97DE1F002AD06E /* Release */ = {
			isa = XCBuildConfiguration;
			buildSettings = {
				ALWAYS_SEARCH_USER_PATHS = NO;
				CLANG_CXX_LANGUAGE_STANDARD = "gnu++0x";
				CLANG_CXX_LIBRARY = "libc++";
				CLANG_ENABLE_MODULES = YES;
				CLANG_ENABLE_OBJC_ARC = YES;
				CLANG_WARN_BOOL_CONVERSION = YES;
				CLANG_WARN_CONSTANT_CONVERSION = YES;
				CLANG_WARN_DIRECT_OBJC_ISA_USAGE = YES_ERROR;
				CLANG_WARN_EMPTY_BODY = YES;
				CLANG_WARN_ENUM_CONVERSION = YES;
				CLANG_WARN_INT_CONVERSION = YES;
				CLANG_WARN_OBJC_ROOT_CLASS = YES_ERROR;
				CLANG_WARN__DUPLICATE_METHOD_MATCH = YES;
				"CODE_SIGN_IDENTITY[sdk=iphoneos*]" = "iPhone Developer";
				COPY_PHASE_STRIP = YES;
				ENABLE_NS_ASSERTIONS = NO;
				GCC_C_LANGUAGE_STANDARD = gnu99;
				GCC_WARN_64_TO_32_BIT_CONVERSION = YES;
				GCC_WARN_ABOUT_RETURN_TYPE = YES_ERROR;
				GCC_WARN_UNDECLARED_SELECTOR = YES;
				GCC_WARN_UNINITIALIZED_AUTOS = YES_AGGRESSIVE;
				GCC_WARN_UNUSED_FUNCTION = YES;
				GCC_WARN_UNUSED_VARIABLE = YES;
				IPHONEOS_DEPLOYMENT_TARGET = 7.1;
				SDKROOT = iphoneos;
				TARGETED_DEVICE_FAMILY = "1,2";
				VALIDATE_PRODUCT = YES;
			};
			name = Release;
		};
		48D63F522F97DE1F002AD06E /* Debug */ = {
			isa = XCBuildConfiguration;
			buildSettings = {
				ASSETCATALOG_COMPILER_APPICON_NAME = AppIcon;
				ASSETCATALOG_COMPILER_LAUNCHIMAGE_NAME = LaunchImage;
				"CODE_SIGN_IDENTITY[sdk=iphoneos*]" = "";
				GCC_PRECOMPILE_PREFIX_HEADER = YES;
				GCC_PREFIX_HEADER = "iClassicTV/Resources/iClassicTV-Prefix.pch";
				INFOPLIST_FILE = "iClassicTV/Resources/iClassicTV-Info.plist";
				IPHONEOS_DEPLOYMENT_TARGET = 6.0;
				PRODUCT_NAME = "$(TARGET_NAME)";
				WRAPPER_EXTENSION = app;
			};
			name = Debug;
		};
		48D63F532F97DE1F002AD06E /* Release */ = {
			isa = XCBuildConfiguration;
			buildSettings = {
				ASSETCATALOG_COMPILER_APPICON_NAME = AppIcon;
				ASSETCATALOG_COMPILER_LAUNCHIMAGE_NAME = LaunchImage;
				"CODE_SIGN_IDENTITY[sdk=iphoneos*]" = "";
				GCC_PRECOMPILE_PREFIX_HEADER = YES;
				GCC_PREFIX_HEADER = "iClassicTV/Resources/iClassicTV-Prefix.pch";
				INFOPLIST_FILE = "iClassicTV/Resources/iClassicTV-Info.plist";
				IPHONEOS_DEPLOYMENT_TARGET = 6.0;
				PRODUCT_NAME = "$(TARGET_NAME)";
				WRAPPER_EXTENSION = app;
			};
			name = Release;
		};
		48D63F552F97DE1F002AD06E /* Debug */ = {
			isa = XCBuildConfiguration;
			buildSettings = {
				BUNDLE_LOADER = "$(BUILT_PRODUCTS_DIR)/iClassicTV.app/iClassicTV";
				FRAMEWORK_SEARCH_PATHS = (
					"$(SDKROOT)/Developer/Library/Frameworks",
					"$(inherited)",
					"$(DEVELOPER_FRAMEWORKS_DIR)",
				);
				GCC_PRECOMPILE_PREFIX_HEADER = YES;
				GCC_PREFIX_HEADER = "iClassicTV/iClassicTV-Prefix.pch";
				GCC_PREPROCESSOR_DEFINITIONS = (
					"DEBUG=1",
					"$(inherited)",
				);
				INFOPLIST_FILE = "iClassicTVTests/iClassicTVTests-Info.plist";
				PRODUCT_NAME = "$(TARGET_NAME)";
				TEST_HOST = "$(BUNDLE_LOADER)";
				WRAPPER_EXTENSION = xctest;
			};
			name = Debug;
		};
		48D63F562F97DE1F002AD06E /* Release */ = {
			isa = XCBuildConfiguration;
			buildSettings = {
				BUNDLE_LOADER = "$(BUILT_PRODUCTS_DIR)/iClassicTV.app/iClassicTV";
				FRAMEWORK_SEARCH_PATHS = (
					"$(SDKROOT)/Developer/Library/Frameworks",
					"$(inherited)",
					"$(DEVELOPER_FRAMEWORKS_DIR)",
				);
				GCC_PRECOMPILE_PREFIX_HEADER = YES;
				GCC_PREFIX_HEADER = "iClassicTV/iClassicTV-Prefix.pch";
				INFOPLIST_FILE = "iClassicTVTests/iClassicTVTests-Info.plist";
				PRODUCT_NAME = "$(TARGET_NAME)";
				TEST_HOST = "$(BUNDLE_LOADER)";
				WRAPPER_EXTENSION = xctest;
			};
			name = Release;
		};
/* End XCBuildConfiguration section */

/* Begin XCConfigurationList section */
		48D63F202F97DE1F002AD06E /* Build configuration list for PBXProject "iClassicTV" */ = {
			isa = XCConfigurationList;
			buildConfigurations = (
				48D63F4F2F97DE1F002AD06E /* Debug */,
				48D63F502F97DE1F002AD06E /* Release */,
			);
			defaultConfigurationIsVisible = 0;
			defaultConfigurationName = Release;
		};
		48D63F512F97DE1F002AD06E /* Build configuration list for PBXNativeTarget "iClassicTV" */ = {
			isa = XCConfigurationList;
			buildConfigurations = (
				48D63F522F97DE1F002AD06E /* Debug */,
				48D63F532F97DE1F002AD06E /* Release */,
			);
			defaultConfigurationIsVisible = 0;
			defaultConfigurationName = Release;
		};
		48D63F542F97DE1F002AD06E /* Build configuration list for PBXNativeTarget "iClassicTVTests" */ = {
			isa = XCConfigurationList;
			buildConfigurations = (
				48D63F552F97DE1F002AD06E /* Debug */,
				48D63F562F97DE1F002AD06E /* Release */,
			);
			defaultConfigurationIsVisible = 0;
			defaultConfigurationName = Release;
		};
/* End XCConfigurationList section */
	};
	rootObject = 48D63F1D2F97DE1F002AD06E /* Project object */;
}
